
Microsoft Visual Studio Solution File, Format Version 12.00
# Visual Studio 2012
Project("{FAE04EC0-301F-11D3-BF4B-00C04F79EFBC}") = "GUI", "GUI\GUI.csproj", "{9658AA66-E6B2-42DD-A71A-726C9848989B}"
EndProject
Global
	GlobalSection(SolutionConfigurationPlatforms) = preSolution
		Debug|x86 = Debug|x86
		Release|x86 = Release|x86
	EndGlobalSection
	GlobalSection(ProjectConfigurationPlatforms) = postSolution
		{9658AA66-E6B2-42DD-A71A-726C9848989B}.Debug|x86.ActiveCfg = Debug|x86
		{9658AA66-E6B2-42DD-A71A-726C9848989B}.Debug|x86.Build.0 = Debug|x86
		{9658AA66-E6B2-42DD-A71A-726C9848989B}.Release|x86.ActiveCfg = Release|x86
		{9658AA66-E6B2-42DD-A71A-726C9848989B}.Release|x86.Build.0 = Release|x86
	EndGlobalSection
	GlobalSection(MonoDevelopProperties) = preSolution
		Policies = $0
		$0.DotNetNamingPolicy = $1
		$0.TextStylePolicy = $2
		$2.scope = text/plain
		$0.TextStylePolicy = $3
		$3.NoTabsAfterNonTabs = True
		$3.scope = text/x-csharp
		$3.TabsToSpaces = True
		$0.CSharpFormattingPolicy = $4
		$4.AfterDelegateDeclarationParameterComma = True
		$4.scope = text/x-csharp
		$4.IndentSwitchSection = False
		$4.NewLinesForBracesInProperties = False
		$4.NewLinesForBracesInAccessors = False
		$4.NewLinesForBracesInAnonymousMethods = False
		$4.NewLinesForBracesInControlBlocks = False
		$4.NewLinesForBracesInAnonymousTypes = False
		$4.NewLinesForBracesInObjectCollectionArrayInitializers = False
		$4.NewLinesForBracesInLambdaExpressionBody = False
		$4.NewLineForElse = False
		$4.NewLineForCatch = False
		$4.NewLineForFinally = False
		$4.NewLineForMembersInObjectInit = False
		$4.NewLineForMembersInAnonymousTypes = False
		$4.NewLineForClausesInQuery = False
		$4.SpacingAfterMethodDeclarationName = True
		$4.SpaceAfterMethodCallName = True
		$4.SpaceBeforeOpenSquareBracket = True
	EndGlobalSection
EndGlobal
